
Microsoft Visual Studio Solution File, Format Version 12.00
# Visual Studio Version 17
VisualStudioVersion = 17.7.34024.191
MinimumVisualStudioVersion = 10.0.40219.1
Project("{FAE04EC0-301F-11D3-BF4B-00C04F79EFBC}") = "Polygon", "Polygon\Polygon.csproj", "{78884043-77FA-4194-AD80-29591DCE81F7}"
EndProject
Project("{FAE04EC0-301F-11D3-BF4B-00C04F79EFBC}") = "Rectangle", "..\Rectangle\Rectangle\Rectangle.csproj", "{A8692D77-D72A-4499-A063-7749F81EE021}"
EndProject
Global
	GlobalSection(SolutionConfigurationPlatforms) = preSolution
		Debug|Any CPU = Debug|Any CPU
		Release|Any CPU = Release|Any CPU
	EndGlobalSection
	GlobalSection(ProjectConfigurationPlatforms) = postSolution
		{78884043-77FA-4194-AD80-29591DCE81F7}.Debug|Any CPU.ActiveCfg = Debug|Any CPU
		{78884043-77FA-4194-AD80-29591DCE81F7}.Debug|Any CPU.Build.0 = Debug|Any CPU
		{78884043-77FA-4194-AD80-29591DCE81F7}.Release|Any CPU.ActiveCfg = Release|Any CPU
		{78884043-77FA-4194-AD80-29591DCE81F7}.Release|Any CPU.Build.0 = Release|Any CPU
		{A8692D77-D72A-4499-A063-7749F81EE021}.Debug|Any CPU.ActiveCfg = Debug|Any CPU
		{A8692D77-D72A-4499-A063-7749F81EE021}.Debug|Any CPU.Build.0 = Debug|Any CPU
		{A8692D77-D72A-4499-A063-7749F81EE021}.Release|Any CPU.ActiveCfg = Release|Any CPU
		{A8692D77-D72A-4499-A063-7749F81EE021}.Release|Any CPU.Build.0 = Release|Any CPU
	EndGlobalSection
	GlobalSection(SolutionProperties) = preSolution
		HideSolutionNode = FALSE
	EndGlobalSection
	GlobalSection(ExtensibilityGlobals) = postSolution
		SolutionGuid = {6A0AC318-9159-443C-91AB-4B70D1B9FF33}
	EndGlobalSection
EndGlobal
